
Microsoft Visual Studio Solution File, Format Version 12.00
# Visual Studio 15
VisualStudioVersion = 15.0.28307.1022
MinimumVisualStudioVersion = 10.0.40219.1
Project("{8BC9CEB8-8B4A-11D0-8D11-00A0C91BC942}") = "text36", "text36\text36.vcxproj", "{8FE75E6B-46DD-4F60-AA98-ABD3FBFA009B}"
EndProject
Global
	GlobalSection(SolutionConfigurationPlatforms) = preSolution
		Debug|x64 = Debug|x64
		Debug|x86 = Debug|x86
		Release|x64 = Release|x64
		Release|x86 = Release|x86
	EndGlobalSection
	GlobalSection(ProjectConfigurationPlatforms) = postSolution
		{8FE75E6B-46DD-4F60-AA98-ABD3FBFA009B}.Debug|x64.ActiveCfg = Debug|x64
		{8FE75E6B-46DD-4F60-AA98-ABD3FBFA009B}.Debug|x64.Build.0 = Debug|x64
		{8FE75E6B-46DD-4F60-AA98-ABD3FBFA009B}.Debug|x86.ActiveCfg = Debug|Win32
		{8FE75E6B-46DD-4F60-AA98-ABD3FBFA009B}.Debug|x86.Build.0 = Debug|Win32
		{8FE75E6B-46DD-4F60-AA98-ABD3FBFA009B}.Release|x64.ActiveCfg = Release|x64
		{8FE75E6B-46DD-4F60-AA98-ABD3FBFA009B}.Release|x64.Build.0 = Release|x64
		{8FE75E6B-46DD-4F60-AA98-ABD3FBFA009B}.Release|x86.ActiveCfg = Release|Win32
		{8FE75E6B-46DD-4F60-AA98-ABD3FBFA009B}.Release|x86.Build.0 = Release|Win32
	EndGlobalSection
	GlobalSection(SolutionProperties) = preSolution
		HideSolutionNode = FALSE
	EndGlobalSection
	GlobalSection(ExtensibilityGlobals) = postSolution
		SolutionGuid = {284D6348-5698-4143-AA09-FA2160007718}
	EndGlobalSection
EndGlobal
